
Microsoft Visual Studio Solution File, Format Version 12.00
# Visual Studio 15
VisualStudioVersion = 15.0.27703.2035
MinimumVisualStudioVersion = 10.0.40219.1
Project("{9A19103F-16F7-4668-BE54-9A1E7A4F7556}") = "GildedRose", "GildedRose\GildedRose.csproj", "{2EABE870-5F17-48E8-90E9-FCB83E5B599E}"
EndProject
Project("{FAE04EC0-301F-11D3-BF4B-00C04F79EFBC}") = "GildedRose.Tests", "GildedRose.Tests\GildedRose.Tests.csproj", "{76ED718E-27D1-4E17-B2D5-544BC6311798}"
EndProject
Global
	GlobalSection(SolutionConfigurationPlatforms) = preSolution
		Debug|Any CPU = Debug|Any CPU
		Release|Any CPU = Release|Any CPU
	EndGlobalSection
	GlobalSection(ProjectConfigurationPlatforms) = postSolution
		{2EABE870-5F17-48E8-90E9-FCB83E5B599E}.Debug|Any CPU.ActiveCfg = Debug|Any CPU
		{2EABE870-5F17-48E8-90E9-FCB83E5B599E}.Debug|Any CPU.Build.0 = Debug|Any CPU
		{2EABE870-5F17-48E8-90E9-FCB83E5B599E}.Release|Any CPU.ActiveCfg = Release|Any CPU
		{2EABE870-5F17-48E8-90E9-FCB83E5B599E}.Release|Any CPU.Build.0 = Release|Any CPU
		{76ED718E-27D1-4E17-B2D5-544BC6311798}.Debug|Any CPU.ActiveCfg = Debug|Any CPU
		{76ED718E-27D1-4E17-B2D5-544BC6311798}.Debug|Any CPU.Build.0 = Debug|Any CPU
		{76ED718E-27D1-4E17-B2D5-544BC6311798}.Release|Any CPU.ActiveCfg = Release|Any CPU
		{76ED718E-27D1-4E17-B2D5-544BC6311798}.Release|Any CPU.Build.0 = Release|Any CPU
	EndGlobalSection
	GlobalSection(SolutionProperties) = preSolution
		HideSolutionNode = FALSE
	EndGlobalSection
	GlobalSection(ExtensibilityGlobals) = postSolution
		SolutionGuid = {47C1B81E-B596-4359-95F8-7E0A11756A53}
	EndGlobalSection
EndGlobal
